
Microsoft Visual Studio Solution File, Format Version 12.00
# Visual Studio 15
VisualStudioVersion = 15.0.27004.2006
MinimumVisualStudioVersion = 10.0.40219.1
Project("{FAE04EC0-301F-11D3-BF4B-00C04F79EFBC}") = "SimpleFactory", "SimpleFactory\SimpleFactory.csproj", "{1286E3D5-98C5-45B7-8808-6F5661249C56}"
EndProject
Project("{FAE04EC0-301F-11D3-BF4B-00C04F79EFBC}") = "FactoryMethod", "FactoryMethod\FactoryMethod.csproj", "{F39A8584-09C9-47DF-A16F-9445DE4A56C4}"
EndProject
Global
	GlobalSection(SolutionConfigurationPlatforms) = preSolution
		Debug|Any CPU = Debug|Any CPU
		Release|Any CPU = Release|Any CPU
	EndGlobalSection
	GlobalSection(ProjectConfigurationPlatforms) = postSolution
		{1286E3D5-98C5-45B7-8808-6F5661249C56}.Debug|Any CPU.ActiveCfg = Debug|Any CPU
		{1286E3D5-98C5-45B7-8808-6F5661249C56}.Debug|Any CPU.Build.0 = Debug|Any CPU
		{1286E3D5-98C5-45B7-8808-6F5661249C56}.Release|Any CPU.ActiveCfg = Release|Any CPU
		{1286E3D5-98C5-45B7-8808-6F5661249C56}.Release|Any CPU.Build.0 = Release|Any CPU
		{F39A8584-09C9-47DF-A16F-9445DE4A56C4}.Debug|Any CPU.ActiveCfg = Debug|Any CPU
		{F39A8584-09C9-47DF-A16F-9445DE4A56C4}.Debug|Any CPU.Build.0 = Debug|Any CPU
		{F39A8584-09C9-47DF-A16F-9445DE4A56C4}.Release|Any CPU.ActiveCfg = Release|Any CPU
		{F39A8584-09C9-47DF-A16F-9445DE4A56C4}.Release|Any CPU.Build.0 = Release|Any CPU
	EndGlobalSection
	GlobalSection(SolutionProperties) = preSolution
		HideSolutionNode = FALSE
	EndGlobalSection
	GlobalSection(ExtensibilityGlobals) = postSolution
		SolutionGuid = {2853F514-2F66-4A25-8927-96D811E897A7}
	EndGlobalSection
EndGlobal
